{
 "SurveyEntry": {
  "SurveyID": "SV_filedrawer00000",
  "SurveyName": "Perception gap video: replication, mechanism and persistence (extension of: Testing 33 Student-Desig",
  "SurveyDescription": null,
  "SurveyOwnerID": "UR_filedrawer00000",
  "SurveyBrandID": "",
  "DivisionID": null,
  "SurveyLanguage": "EN",
  "SurveyActiveResponseSet": "RS_filedrawer00000",
  "SurveyStatus": "Inactive",
  "SurveyStartDate": "0000-00-00 00:00:00",
  "SurveyExpirationDate": "0000-00-00 00:00:00",
  "SurveyCreationDate": "2026-10-09 10:21:46",
  "CreatorID": "UR_filedrawer00000",
  "LastModified": "2026-10-09 10:21:46",
  "LastAccessed": "0000-00-00 00:00:00",
  "LastActivated": "0000-00-00 00:00:00",
  "Deleted": null
 },
 "SurveyElements": [
  {
   "SurveyID": "SV_filedrawer00000",
   "Element": "BL",
   "PrimaryAttribute": "Survey Blocks",
   "SecondaryAttribute": null,
   "TertiaryAttribute": null,
   "Payload": [
    {
     "Type": "Default",
     "Description": "Consent",
     "ID": "BL_b_consent",
     "BlockElements": [
      {
       "Type": "Question",
       "QuestionID": "QID1"
      }
     ]
    },
    {
     "Type": "Standard",
     "Description": "Pre-treatment",
     "ID": "BL_b_pre",
     "BlockElements": [
      {
       "Type": "Question",
       "QuestionID": "QID2"
      },
      {
       "Type": "Page Break"
      },
      {
       "Type": "Question",
       "QuestionID": "QID3"
      },
      {
       "Type": "Page Break"
      },
      {
       "Type": "Question",
       "QuestionID": "QID4"
      },
      {
       "Type": "Page Break"
      },
      {
       "Type": "Question",
       "QuestionID": "QID5"
      }
     ]
    },
    {
     "Type": "Standard",
     "Description": "Perception gap video",
     "ID": "BL_b_pg",
     "BlockElements": [
      {
       "Type": "Question",
       "QuestionID": "QID6"
      }
     ]
    },
    {
     "Type": "Standard",
     "Description": "No data video",
     "ID": "BL_b_nodata",
     "BlockElements": [
      {
       "Type": "Question",
       "QuestionID": "QID7"
      }
     ]
    },
    {
     "Type": "Standard",
     "Description": "Placebo video",
     "ID": "BL_b_placebo",
     "BlockElements": [
      {
       "Type": "Question",
       "QuestionID": "QID8"
      }
     ]
    },
    {
     "Type": "Standard",
     "Description": "Control",
     "ID": "BL_b_ctrl",
     "BlockElements": [
      {
       "Type": "Question",
       "QuestionID": "QID9"
      }
     ]
    },
    {
     "Type": "Standard",
     "Description": "Post-treatment",
     "ID": "BL_b_post",
     "BlockElements": [
      {
       "Type": "Question",
       "QuestionID": "QID10"
      },
      {
       "Type": "Page Break"
      },
      {
       "Type": "Question",
       "QuestionID": "QID11"
      },
      {
       "Type": "Page Break"
      },
      {
       "Type": "Question",
       "QuestionID": "QID12"
      },
      {
       "Type": "Page Break"
      },
      {
       "Type": "Question",
       "QuestionID": "QID13"
      },
      {
       "Type": "Page Break"
      },
      {
       "Type": "Question",
       "QuestionID": "QID14"
      }
     ]
    },
    {
     "Type": "Standard",
     "Description": "Debrief",
     "ID": "BL_b_debrief",
     "BlockElements": [
      {
       "Type": "Question",
       "QuestionID": "QID15"
      }
     ]
    },
    {
     "Type": "Standard",
     "Description": "Wave 2 follow-up (about 2 weeks later)",
     "ID": "BL_b_w2",
     "BlockElements": [
      {
       "Type": "Question",
       "QuestionID": "QID16"
      },
      {
       "Type": "Page Break"
      },
      {
       "Type": "Question",
       "QuestionID": "QID17"
      },
      {
       "Type": "Page Break"
      },
      {
       "Type": "Question",
       "QuestionID": "QID18"
      },
      {
       "Type": "Page Break"
      },
      {
       "Type": "Question",
       "QuestionID": "QID19"
      }
     ]
    },
    {
     "Type": "Trash",
     "Description": "Trash / Unused Questions",
     "ID": "BL_trash"
    }
   ]
  },
  {
   "SurveyID": "SV_filedrawer00000",
   "Element": "FL",
   "PrimaryAttribute": "Survey Flow",
   "SecondaryAttribute": null,
   "TertiaryAttribute": null,
   "Payload": {
    "Type": "Root",
    "FlowID": "FL_1",
    "Flow": [
     {
      "Type": "Block",
      "ID": "BL_b_consent",
      "FlowID": "FL_2",
      "Autofill": []
     },
     {
      "Type": "Branch",
      "FlowID": "FL_3",
      "Description": "Non-consent to end",
      "BranchLogic": {
       "0": {
        "0": {
         "LogicType": "Question",
         "QuestionID": "QID1",
         "QuestionIsInLoop": "no",
         "ChoiceLocator": "q://QID1/SelectableChoice/2",
         "Operator": "Selected",
         "QuestionIDFromLocator": "QID1",
         "LeftOperand": "q://QID1/SelectableChoice/2",
         "Type": "Expression",
         "Description": "If QID1 choice 2 is selected"
        },
        "Type": "If"
       },
       "Type": "BooleanExpression"
      },
      "Flow": [
       {
        "Type": "EndSurvey",
        "FlowID": "FL_4"
       }
      ]
     },
     {
      "Type": "Standard",
      "ID": "BL_b_pre",
      "FlowID": "FL_5",
      "Autofill": []
     },
     {
      "Type": "BlockRandomizer",
      "FlowID": "FL_6",
      "SubSet": 1,
      "EvenPresentation": true,
      "Flow": [
       {
        "Type": "Group",
        "FlowID": "FL_7",
        "Description": "Perception gap video",
        "Flow": [
         {
          "Type": "EmbeddedData",
          "FlowID": "FL_8",
          "EmbeddedData": [
           {
            "Description": "condition",
            "Type": "Custom",
            "Field": "condition",
            "VariableType": "String",
            "DataVisibility": [],
            "AnalyzeText": false,
            "Value": "pg"
           }
          ]
         },
         {
          "Type": "EmbeddedData",
          "FlowID": "FL_9",
          "EmbeddedData": [
           {
            "Description": "video_pg",
            "Type": "Custom",
            "Field": "video_pg",
            "VariableType": "String",
            "DataVisibility": [],
            "AnalyzeText": false,
            "Value": "[VIDEO TO SUPPLY: Perception gap video showing how Democrats and Republicans overestimate each other's extreme views, with survey data, about 6 minutes]"
           }
          ]
         },
         {
          "Type": "Standard",
          "ID": "BL_b_pg",
          "FlowID": "FL_10",
          "Autofill": []
         }
        ]
       },
       {
        "Type": "Group",
        "FlowID": "FL_11",
        "Description": "No data video",
        "Flow": [
         {
          "Type": "EmbeddedData",
          "FlowID": "FL_12",
          "EmbeddedData": [
           {
            "Description": "condition",
            "Type": "Custom",
            "Field": "condition",
            "VariableType": "String",
            "DataVisibility": [],
            "AnalyzeText": false,
            "Value": "nodata"
           }
          ]
         },
         {
          "Type": "EmbeddedData",
          "FlowID": "FL_13",
          "EmbeddedData": [
           {
            "Description": "video_nd",
            "Type": "Custom",
            "Field": "video_nd",
            "VariableType": "String",
            "DataVisibility": [],
            "AnalyzeText": false,
            "Value": "[VIDEO TO SUPPLY: Edited version of the Perception gap video with the misperception statistics removed, about 6 minutes]"
           }
          ]
         },
         {
          "Type": "Standard",
          "ID": "BL_b_nodata",
          "FlowID": "FL_14",
          "Autofill": []
         }
        ]
       },
       {
        "Type": "Group",
        "FlowID": "FL_15",
        "Description": "Placebo",
        "Flow": [
         {
          "Type": "EmbeddedData",
          "FlowID": "FL_16",
          "EmbeddedData": [
           {
            "Description": "condition",
            "Type": "Custom",
            "Field": "condition",
            "VariableType": "String",
            "DataVisibility": [],
            "AnalyzeText": false,
            "Value": "placebo"
           }
          ]
         },
         {
          "Type": "EmbeddedData",
          "FlowID": "FL_17",
          "EmbeddedData": [
           {
            "Description": "video_pl",
            "Type": "Custom",
            "Field": "video_pl",
            "VariableType": "String",
            "DataVisibility": [],
            "AnalyzeText": false,
            "Value": "[VIDEO TO SUPPLY: Neutral nonpolitical explainer video, about 6 minutes]"
           }
          ]
         },
         {
          "Type": "Standard",
          "ID": "BL_b_placebo",
          "FlowID": "FL_18",
          "Autofill": []
         }
        ]
       },
       {
        "Type": "Group",
        "FlowID": "FL_19",
        "Description": "Control",
        "Flow": [
         {
          "Type": "EmbeddedData",
          "FlowID": "FL_20",
          "EmbeddedData": [
           {
            "Description": "condition",
            "Type": "Custom",
            "Field": "condition",
            "VariableType": "String",
            "DataVisibility": [],
            "AnalyzeText": false,
            "Value": "control"
           }
          ]
         },
         {
          "Type": "Standard",
          "ID": "BL_b_ctrl",
          "FlowID": "FL_21",
          "Autofill": []
         }
        ]
       }
      ]
     },
     {
      "Type": "Standard",
      "ID": "BL_b_post",
      "FlowID": "FL_22",
      "Autofill": []
     },
     {
      "Type": "Standard",
      "ID": "BL_b_debrief",
      "FlowID": "FL_23",
      "Autofill": []
     },
     {
      "Type": "Standard",
      "ID": "BL_b_w2",
      "FlowID": "FL_24",
      "Autofill": []
     }
    ],
    "Properties": {
     "Count": 24,
     "RemovedFieldsets": []
    }
   }
  },
  {
   "SurveyID": "SV_filedrawer00000",
   "Element": "PL",
   "PrimaryAttribute": "Preview Link",
   "SecondaryAttribute": null,
   "TertiaryAttribute": null,
   "Payload": {
    "PreviewType": "Brand",
    "PreviewID": "ed6c60e0-f321-4764-adb6-0064ef2da3a0"
   }
  },
  {
   "SurveyID": "SV_filedrawer00000",
   "Element": "PROJ",
   "PrimaryAttribute": "CORE",
   "SecondaryAttribute": null,
   "TertiaryAttribute": "1.1.0",
   "Payload": {
    "ProjectCategory": "CORE",
    "SchemaVersion": "1.1.0"
   }
  },
  {
   "SurveyID": "SV_filedrawer00000",
   "Element": "QC",
   "PrimaryAttribute": "Survey Question Count",
   "SecondaryAttribute": "19",
   "TertiaryAttribute": null,
   "Payload": null
  },
  {
   "SurveyID": "SV_filedrawer00000",
   "Element": "RS",
   "PrimaryAttribute": "RS_filedrawer00000",
   "SecondaryAttribute": "Default Response Set",
   "TertiaryAttribute": null,
   "Payload": null
  },
  {
   "SurveyID": "SV_filedrawer00000",
   "Element": "SCO",
   "PrimaryAttribute": "Scoring",
   "SecondaryAttribute": null,
   "TertiaryAttribute": null,
   "Payload": {
    "ScoringCategories": [],
    "ScoringCategoryGroups": [],
    "ScoringSummaryCategory": null,
    "ScoringSummaryAfterQuestions": 0,
    "ScoringSummaryAfterSurvey": 0,
    "DefaultScoringCategory": null,
    "AutoScoringCategory": null
   }
  },
  {
   "SurveyID": "SV_filedrawer00000",
   "Element": "SO",
   "PrimaryAttribute": "Survey Options",
   "SecondaryAttribute": null,
   "TertiaryAttribute": null,
   "Payload": {
    "BackButton": "false",
    "SaveAndContinue": "true",
    "SurveyProtection": "PublicSurvey",
    "BallotBoxStuffingPrevention": "false",
    "NoIndex": "Yes",
    "SecureResponseFiles": "true",
    "SurveyExpiration": "None",
    "SurveyTermination": "DefaultMessage",
    "Header": "",
    "Footer": "",
    "ProgressBarDisplay": "None",
    "PartialData": "+1 week",
    "ValidationMessage": null,
    "PreviousButton": "",
    "NextButton": "",
    "SurveyTitle": "Perception gap video: replication, mechanism and persistence (extension of: Testing 33 Student-Desig",
    "SkinLibrary": "Qualtrics",
    "SkinType": "templated",
    "Skin": {
     "brandingId": null,
     "templateId": "*base",
     "overrides": null
    },
    "NewScoring": 1,
    "SurveyMetaDescription": "US Democrats and Republicans are randomized to one of four arms: the Perception gap video, the sa..."
   }
  },
  {
   "SurveyID": "SV_filedrawer00000",
   "Element": "STAT",
   "PrimaryAttribute": "Survey Statistics",
   "SecondaryAttribute": null,
   "TertiaryAttribute": null,
   "Payload": {
    "MobileCompatible": true,
    "ID": "Survey Statistics"
   }
  },
  {
   "SurveyID": "SV_filedrawer00000",
   "Element": "SQ",
   "PrimaryAttribute": "QID1",
   "SecondaryAttribute": "You are invited to a research study on political attitudes. It has two short sur",
   "TertiaryAttribute": null,
   "Payload": {
    "QuestionText": "You are invited to a research study on political attitudes. It has two short surveys, about 2 weeks apart. Participation is voluntary and you may stop at any time. Do you consent to participate?",
    "DataExportTag": "consent",
    "DataVisibility": {
     "Private": false,
     "Hidden": false
    },
    "Configuration": {
     "QuestionDescriptionOption": "UseText"
    },
    "QuestionDescription": "You are invited to a research study on political attitudes. It has two short surveys, about 2 wee...",
    "Validation": {
     "Settings": {
      "ForceResponse": "ON",
      "ForceResponseType": "ON",
      "Type": "None"
     }
    },
    "Language": [],
    "QuestionID": "QID1",
    "QuestionType": "MC",
    "Selector": "SAVR",
    "SubSelector": "TX",
    "Choices": {
     "1": {
      "Display": "I consent"
     },
     "2": {
      "Display": "I do not consent"
     }
    },
    "ChoiceOrder": [
     "1",
     "2"
    ],
    "NextChoiceId": 3,
    "NextAnswerId": 1,
    "RecodeValues": {
     "1": "1",
     "2": "0"
    }
   }
  },
  {
   "SurveyID": "SV_filedrawer00000",
   "Element": "SQ",
   "PrimaryAttribute": "QID2",
   "SecondaryAttribute": "Do you think of yourself as closer to the Republican Party or to the Democratic ",
   "TertiaryAttribute": null,
   "Payload": {
    "QuestionText": "Do you think of yourself as closer to the Republican Party or to the Democratic Party?",
    "DataExportTag": "pidlean",
    "DataVisibility": {
     "Private": false,
     "Hidden": false
    },
    "Configuration": {
     "QuestionDescriptionOption": "UseText"
    },
    "QuestionDescription": "Do you think of yourself as closer to the Republican Party or to the Democratic Party?",
    "Validation": {
     "Settings": {
      "ForceResponse": "ON",
      "ForceResponseType": "ON",
      "Type": "None"
     }
    },
    "Language": [],
    "QuestionID": "QID2",
    "QuestionType": "MC",
    "Selector": "SAVR",
    "SubSelector": "TX",
    "Choices": {
     "1": {
      "Display": "Closer to the Republican Party"
     },
     "2": {
      "Display": "Closer to the Democratic Party"
     },
     "3": {
      "Display": "Neither"
     }
    },
    "ChoiceOrder": [
     "1",
     "2",
     "3"
    ],
    "NextChoiceId": 4,
    "NextAnswerId": 1,
    "RecodeValues": {
     "1": "1",
     "2": "2",
     "3": "3"
    }
   }
  },
  {
   "SurveyID": "SV_filedrawer00000",
   "Element": "SQ",
   "PrimaryAttribute": "QID3",
   "SecondaryAttribute": "Please rate Republicans on the feeling thermometer from 0 (cold, unfavorable) to",
   "TertiaryAttribute": null,
   "Payload": {
    "QuestionText": "Please rate Republicans on the feeling thermometer from 0 (cold, unfavorable) to 100 (warm, favorable). Enter a number.",
    "DataExportTag": "pre_ap_rep",
    "DataVisibility": {
     "Private": false,
     "Hidden": false
    },
    "Configuration": {
     "QuestionDescriptionOption": "UseText"
    },
    "QuestionDescription": "Please rate Republicans on the feeling thermometer from 0 (cold, unfavorable) to 100 (warm, favor...",
    "Validation": {
     "Settings": {
      "ForceResponse": "ON",
      "ForceResponseType": "ON",
      "Type": "None"
     }
    },
    "Language": [],
    "QuestionID": "QID3",
    "QuestionType": "TE",
    "Selector": "SL",
    "NextChoiceId": 1,
    "NextAnswerId": 1,
    "SearchSource": {
     "AllowFreeResponse": "false"
    }
   }
  },
  {
   "SurveyID": "SV_filedrawer00000",
   "Element": "SQ",
   "PrimaryAttribute": "QID4",
   "SecondaryAttribute": "Please rate Democrats on the feeling thermometer from 0 (cold, unfavorable) to 1",
   "TertiaryAttribute": null,
   "Payload": {
    "QuestionText": "Please rate Democrats on the feeling thermometer from 0 (cold, unfavorable) to 100 (warm, favorable). Enter a number.",
    "DataExportTag": "pre_ap_dem",
    "DataVisibility": {
     "Private": false,
     "Hidden": false
    },
    "Configuration": {
     "QuestionDescriptionOption": "UseText"
    },
    "QuestionDescription": "Please rate Democrats on the feeling thermometer from 0 (cold, unfavorable) to 100 (warm, favorab...",
    "Validation": {
     "Settings": {
      "ForceResponse": "ON",
      "ForceResponseType": "ON",
      "Type": "None"
     }
    },
    "Language": [],
    "QuestionID": "QID4",
    "QuestionType": "TE",
    "Selector": "SL",
    "NextChoiceId": 1,
    "NextAnswerId": 1,
    "SearchSource": {
     "AllowFreeResponse": "false"
    }
   }
  },
  {
   "SurveyID": "SV_filedrawer00000",
   "Element": "SQ",
   "PrimaryAttribute": "QID5",
   "SecondaryAttribute": "Out of 100 supporters of the opposing party, how many do you think would say tha",
   "TertiaryAttribute": null,
   "Payload": {
    "QuestionText": "Out of 100 supporters of the opposing party, how many do you think would say that violence is sometimes justified to advance their party's goals? Enter a number from 0 to 100.",
    "DataExportTag": "pre_perceived",
    "DataVisibility": {
     "Private": false,
     "Hidden": false
    },
    "Configuration": {
     "QuestionDescriptionOption": "UseText"
    },
    "QuestionDescription": "Out of 100 supporters of the opposing party, how many do you think would say that violence is som...",
    "Validation": {
     "Settings": {
      "ForceResponse": "ON",
      "ForceResponseType": "ON",
      "Type": "None"
     }
    },
    "Language": [],
    "QuestionID": "QID5",
    "QuestionType": "TE",
    "Selector": "SL",
    "NextChoiceId": 1,
    "NextAnswerId": 1,
    "SearchSource": {
     "AllowFreeResponse": "false"
    }
   }
  },
  {
   "SurveyID": "SV_filedrawer00000",
   "Element": "SQ",
   "PrimaryAttribute": "QID6",
   "SecondaryAttribute": "{{ed:video_pg}}",
   "TertiaryAttribute": null,
   "Payload": {
    "QuestionText": "${e://Field/video_pg}",
    "DataVisibility": {
     "Private": false,
     "Hidden": false
    },
    "Configuration": {
     "QuestionDescriptionOption": "UseText"
    },
    "QuestionDescription": "${e://Field/video_pg}",
    "Validation": {
     "Settings": {
      "Type": "None"
     }
    },
    "Language": [],
    "QuestionID": "QID6",
    "QuestionType": "DB",
    "Selector": "TB",
    "DefaultChoices": false,
    "ChoiceOrder": [],
    "GradingData": [],
    "NextChoiceId": 1,
    "NextAnswerId": 1,
    "DataExportTag": "q_pg"
   }
  },
  {
   "SurveyID": "SV_filedrawer00000",
   "Element": "SQ",
   "PrimaryAttribute": "QID7",
   "SecondaryAttribute": "{{ed:video_nd}}",
   "TertiaryAttribute": null,
   "Payload": {
    "QuestionText": "${e://Field/video_nd}",
    "DataVisibility": {
     "Private": false,
     "Hidden": false
    },
    "Configuration": {
     "QuestionDescriptionOption": "UseText"
    },
    "QuestionDescription": "${e://Field/video_nd}",
    "Validation": {
     "Settings": {
      "Type": "None"
     }
    },
    "Language": [],
    "QuestionID": "QID7",
    "QuestionType": "DB",
    "Selector": "TB",
    "DefaultChoices": false,
    "ChoiceOrder": [],
    "GradingData": [],
    "NextChoiceId": 1,
    "NextAnswerId": 1,
    "DataExportTag": "q_nd"
   }
  },
  {
   "SurveyID": "SV_filedrawer00000",
   "Element": "SQ",
   "PrimaryAttribute": "QID8",
   "SecondaryAttribute": "{{ed:video_pl}}",
   "TertiaryAttribute": null,
   "Payload": {
    "QuestionText": "${e://Field/video_pl}",
    "DataVisibility": {
     "Private": false,
     "Hidden": false
    },
    "Configuration": {
     "QuestionDescriptionOption": "UseText"
    },
    "QuestionDescription": "${e://Field/video_pl}",
    "Validation": {
     "Settings": {
      "Type": "None"
     }
    },
    "Language": [],
    "QuestionID": "QID8",
    "QuestionType": "DB",
    "Selector": "TB",
    "DefaultChoices": false,
    "ChoiceOrder": [],
    "GradingData": [],
    "NextChoiceId": 1,
    "NextAnswerId": 1,
    "DataExportTag": "q_pl"
   }
  },
  {
   "SurveyID": "SV_filedrawer00000",
   "Element": "SQ",
   "PrimaryAttribute": "QID9",
   "SecondaryAttribute": "Please continue.",
   "TertiaryAttribute": null,
   "Payload": {
    "QuestionText": "Please continue.",
    "DataVisibility": {
     "Private": false,
     "Hidden": false
    },
    "Configuration": {
     "QuestionDescriptionOption": "UseText"
    },
    "QuestionDescription": "Please continue.",
    "Validation": {
     "Settings": {
      "Type": "None"
     }
    },
    "Language": [],
    "QuestionID": "QID9",
    "QuestionType": "DB",
    "Selector": "TB",
    "DefaultChoices": false,
    "ChoiceOrder": [],
    "GradingData": [],
    "NextChoiceId": 1,
    "NextAnswerId": 1,
    "DataExportTag": "q_ct"
   }
  },
  {
   "SurveyID": "SV_filedrawer00000",
   "Element": "SQ",
   "PrimaryAttribute": "QID10",
   "SecondaryAttribute": "Out of 100 supporters of the opposing party, how many do you think would say tha",
   "TertiaryAttribute": null,
   "Payload": {
    "QuestionText": "Out of 100 supporters of the opposing party, how many do you think would say that violence is sometimes justified to advance their party's goals? Enter a number from 0 to 100.",
    "DataExportTag": "post_perceived",
    "DataVisibility": {
     "Private": false,
     "Hidden": false
    },
    "Configuration": {
     "QuestionDescriptionOption": "UseText"
    },
    "QuestionDescription": "Out of 100 supporters of the opposing party, how many do you think would say that violence is som...",
    "Validation": {
     "Settings": {
      "ForceResponse": "ON",
      "ForceResponseType": "ON",
      "Type": "None"
     }
    },
    "Language": [],
    "QuestionID": "QID10",
    "QuestionType": "TE",
    "Selector": "SL",
    "NextChoiceId": 1,
    "NextAnswerId": 1,
    "SearchSource": {
     "AllowFreeResponse": "false"
    }
   }
  },
  {
   "SurveyID": "SV_filedrawer00000",
   "Element": "SQ",
   "PrimaryAttribute": "QID11",
   "SecondaryAttribute": "Please rate Republicans on the feeling thermometer from 0 (cold, unfavorable) to",
   "TertiaryAttribute": null,
   "Payload": {
    "QuestionText": "Please rate Republicans on the feeling thermometer from 0 (cold, unfavorable) to 100 (warm, favorable). Enter a number.",
    "DataExportTag": "post_ap_rep",
    "DataVisibility": {
     "Private": false,
     "Hidden": false
    },
    "Configuration": {
     "QuestionDescriptionOption": "UseText"
    },
    "QuestionDescription": "Please rate Republicans on the feeling thermometer from 0 (cold, unfavorable) to 100 (warm, favor...",
    "Validation": {
     "Settings": {
      "ForceResponse": "ON",
      "ForceResponseType": "ON",
      "Type": "None"
     }
    },
    "Language": [],
    "QuestionID": "QID11",
    "QuestionType": "TE",
    "Selector": "SL",
    "NextChoiceId": 1,
    "NextAnswerId": 1,
    "SearchSource": {
     "AllowFreeResponse": "false"
    }
   }
  },
  {
   "SurveyID": "SV_filedrawer00000",
   "Element": "SQ",
   "PrimaryAttribute": "QID12",
   "SecondaryAttribute": "Please rate Democrats on the feeling thermometer from 0 (cold, unfavorable) to 1",
   "TertiaryAttribute": null,
   "Payload": {
    "QuestionText": "Please rate Democrats on the feeling thermometer from 0 (cold, unfavorable) to 100 (warm, favorable). Enter a number.",
    "DataExportTag": "post_ap_dem",
    "DataVisibility": {
     "Private": false,
     "Hidden": false
    },
    "Configuration": {
     "QuestionDescriptionOption": "UseText"
    },
    "QuestionDescription": "Please rate Democrats on the feeling thermometer from 0 (cold, unfavorable) to 100 (warm, favorab...",
    "Validation": {
     "Settings": {
      "ForceResponse": "ON",
      "ForceResponseType": "ON",
      "Type": "None"
     }
    },
    "Language": [],
    "QuestionID": "QID12",
    "QuestionType": "TE",
    "Selector": "SL",
    "NextChoiceId": 1,
    "NextAnswerId": 1,
    "SearchSource": {
     "AllowFreeResponse": "false"
    }
   }
  },
  {
   "SurveyID": "SV_filedrawer00000",
   "Element": "SQ",
   "PrimaryAttribute": "QID13",
   "SecondaryAttribute": "Please indicate your agreement and disagreement with the following statements.",
   "TertiaryAttribute": null,
   "Payload": {
    "QuestionText": "Please indicate your agreement and disagreement with the following statements.",
    "DataExportTag": "post_udp_scores",
    "DataVisibility": {
     "Private": false,
     "Hidden": false
    },
    "Configuration": {
     "QuestionDescriptionOption": "UseText",
     "TextPosition": "inline",
     "ChoiceColumnWidth": 25,
     "RepeatHeaders": "none",
     "WhiteSpace": "OFF",
     "MobileFirst": true
    },
    "QuestionDescription": "Please indicate your agreement and disagreement with the following statements.",
    "Validation": {
     "Settings": {
      "ForceResponse": "ON",
      "ForceResponseType": "ON",
      "Type": "None"
     }
    },
    "Language": [],
    "QuestionID": "QID13",
    "QuestionType": "Matrix",
    "Selector": "Likert",
    "SubSelector": "SingleAnswer",
    "DefaultChoices": false,
    "GradingData": [],
    "ChoiceDataExportTags": false,
    "Choices": {
     "1": {
      "Display": "Your party's supporters should reduce the number of polling stations in areas that support the other party."
     },
     "2": {
      "Display": "Your party's governors should ignore unfavorable court rulings by judges appointed by the other party."
     },
     "3": {
      "Display": "Your party's governors should prosecute journalists who accuse your party's politicians of misconduct without revealing sources."
     },
     "4": {
      "Display": "Your party's supporters should not accept the results of elections if they lose."
     }
    },
    "ChoiceOrder": [
     "1",
     "2",
     "3",
     "4"
    ],
    "Answers": {
     "1": {
      "Display": "Strongly disagree"
     },
     "2": {
      "Display": "Disagree"
     },
     "3": {
      "Display": "Somewhat disagree"
     },
     "4": {
      "Display": "Neither agree nor disagree"
     },
     "5": {
      "Display": "Somewhat agree"
     },
     "6": {
      "Display": "Agree"
     },
     "7": {
      "Display": "Strongly agree"
     }
    },
    "AnswerOrder": [
     "1",
     "2",
     "3",
     "4",
     "5",
     "6",
     "7"
    ],
    "NextChoiceId": 5,
    "NextAnswerId": 8
   }
  },
  {
   "SurveyID": "SV_filedrawer00000",
   "Element": "SQ",
   "PrimaryAttribute": "QID14",
   "SecondaryAttribute": "What did you just see, read, or watch?",
   "TertiaryAttribute": null,
   "Payload": {
    "QuestionText": "What did you just see, read, or watch?",
    "DataExportTag": "manip_check",
    "DataVisibility": {
     "Private": false,
     "Hidden": false
    },
    "Configuration": {
     "QuestionDescriptionOption": "UseText"
    },
    "QuestionDescription": "What did you just see, read, or watch?",
    "Validation": {
     "Settings": {
      "ForceResponse": "ON",
      "ForceResponseType": "ON",
      "Type": "None"
     }
    },
    "Language": [],
    "QuestionID": "QID14",
    "QuestionType": "TE",
    "Selector": "SL",
    "NextChoiceId": 1,
    "NextAnswerId": 1,
    "SearchSource": {
     "AllowFreeResponse": "false"
    }
   }
  },
  {
   "SurveyID": "SV_filedrawer00000",
   "Element": "SQ",
   "PrimaryAttribute": "QID15",
   "SecondaryAttribute": "Thank you. This study examined whether information about what people of the othe",
   "TertiaryAttribute": null,
   "Payload": {
    "QuestionText": "Thank you. This study examined whether information about what people of the other party believe changes attitudes. You will be invited to a brief follow-up in about 2 weeks. Statistics shown in the video came from published surveys.",
    "DataVisibility": {
     "Private": false,
     "Hidden": false
    },
    "Configuration": {
     "QuestionDescriptionOption": "UseText"
    },
    "QuestionDescription": "Thank you. This study examined whether information about what people of the other party believe c...",
    "Validation": {
     "Settings": {
      "Type": "None"
     }
    },
    "Language": [],
    "QuestionID": "QID15",
    "QuestionType": "DB",
    "Selector": "TB",
    "DefaultChoices": false,
    "ChoiceOrder": [],
    "GradingData": [],
    "NextChoiceId": 1,
    "NextAnswerId": 1,
    "DataExportTag": "q_debrief"
   }
  },
  {
   "SurveyID": "SV_filedrawer00000",
   "Element": "SQ",
   "PrimaryAttribute": "QID16",
   "SecondaryAttribute": "Please rate Republicans on the feeling thermometer from 0 (cold, unfavorable) to",
   "TertiaryAttribute": null,
   "Payload": {
    "QuestionText": "Please rate Republicans on the feeling thermometer from 0 (cold, unfavorable) to 100 (warm, favorable). Enter a number.",
    "DataExportTag": "w2_ap_rep",
    "DataVisibility": {
     "Private": false,
     "Hidden": false
    },
    "Configuration": {
     "QuestionDescriptionOption": "UseText"
    },
    "QuestionDescription": "Please rate Republicans on the feeling thermometer from 0 (cold, unfavorable) to 100 (warm, favor...",
    "Validation": {
     "Settings": {
      "ForceResponse": "ON",
      "ForceResponseType": "ON",
      "Type": "None"
     }
    },
    "Language": [],
    "QuestionID": "QID16",
    "QuestionType": "TE",
    "Selector": "SL",
    "NextChoiceId": 1,
    "NextAnswerId": 1,
    "SearchSource": {
     "AllowFreeResponse": "false"
    }
   }
  },
  {
   "SurveyID": "SV_filedrawer00000",
   "Element": "SQ",
   "PrimaryAttribute": "QID17",
   "SecondaryAttribute": "Please rate Democrats on the feeling thermometer from 0 (cold, unfavorable) to 1",
   "TertiaryAttribute": null,
   "Payload": {
    "QuestionText": "Please rate Democrats on the feeling thermometer from 0 (cold, unfavorable) to 100 (warm, favorable). Enter a number.",
    "DataExportTag": "w2_ap_dem",
    "DataVisibility": {
     "Private": false,
     "Hidden": false
    },
    "Configuration": {
     "QuestionDescriptionOption": "UseText"
    },
    "QuestionDescription": "Please rate Democrats on the feeling thermometer from 0 (cold, unfavorable) to 100 (warm, favorab...",
    "Validation": {
     "Settings": {
      "ForceResponse": "ON",
      "ForceResponseType": "ON",
      "Type": "None"
     }
    },
    "Language": [],
    "QuestionID": "QID17",
    "QuestionType": "TE",
    "Selector": "SL",
    "NextChoiceId": 1,
    "NextAnswerId": 1,
    "SearchSource": {
     "AllowFreeResponse": "false"
    }
   }
  },
  {
   "SurveyID": "SV_filedrawer00000",
   "Element": "SQ",
   "PrimaryAttribute": "QID18",
   "SecondaryAttribute": "Out of 100 supporters of the opposing party, how many do you think would say tha",
   "TertiaryAttribute": null,
   "Payload": {
    "QuestionText": "Out of 100 supporters of the opposing party, how many do you think would say that violence is sometimes justified to advance their party's goals? Enter a number from 0 to 100.",
    "DataExportTag": "w2_perceived",
    "DataVisibility": {
     "Private": false,
     "Hidden": false
    },
    "Configuration": {
     "QuestionDescriptionOption": "UseText"
    },
    "QuestionDescription": "Out of 100 supporters of the opposing party, how many do you think would say that violence is som...",
    "Validation": {
     "Settings": {
      "ForceResponse": "ON",
      "ForceResponseType": "ON",
      "Type": "None"
     }
    },
    "Language": [],
    "QuestionID": "QID18",
    "QuestionType": "TE",
    "Selector": "SL",
    "NextChoiceId": 1,
    "NextAnswerId": 1,
    "SearchSource": {
     "AllowFreeResponse": "false"
    }
   }
  },
  {
   "SurveyID": "SV_filedrawer00000",
   "Element": "SQ",
   "PrimaryAttribute": "QID19",
   "SecondaryAttribute": "Please indicate your agreement and disagreement with the following statements.",
   "TertiaryAttribute": null,
   "Payload": {
    "QuestionText": "Please indicate your agreement and disagreement with the following statements.",
    "DataExportTag": "w2_udp_scores",
    "DataVisibility": {
     "Private": false,
     "Hidden": false
    },
    "Configuration": {
     "QuestionDescriptionOption": "UseText",
     "TextPosition": "inline",
     "ChoiceColumnWidth": 25,
     "RepeatHeaders": "none",
     "WhiteSpace": "OFF",
     "MobileFirst": true
    },
    "QuestionDescription": "Please indicate your agreement and disagreement with the following statements.",
    "Validation": {
     "Settings": {
      "ForceResponse": "ON",
      "ForceResponseType": "ON",
      "Type": "None"
     }
    },
    "Language": [],
    "QuestionID": "QID19",
    "QuestionType": "Matrix",
    "Selector": "Likert",
    "SubSelector": "SingleAnswer",
    "DefaultChoices": false,
    "GradingData": [],
    "ChoiceDataExportTags": false,
    "Choices": {
     "1": {
      "Display": "Your party's supporters should reduce the number of polling stations in areas that support the other party."
     },
     "2": {
      "Display": "Your party's governors should ignore unfavorable court rulings by judges appointed by the other party."
     },
     "3": {
      "Display": "Your party's governors should prosecute journalists who accuse your party's politicians of misconduct without revealing sources."
     },
     "4": {
      "Display": "Your party's supporters should not accept the results of elections if they lose."
     }
    },
    "ChoiceOrder": [
     "1",
     "2",
     "3",
     "4"
    ],
    "Answers": {
     "1": {
      "Display": "Strongly disagree"
     },
     "2": {
      "Display": "Disagree"
     },
     "3": {
      "Display": "Somewhat disagree"
     },
     "4": {
      "Display": "Neither agree nor disagree"
     },
     "5": {
      "Display": "Somewhat agree"
     },
     "6": {
      "Display": "Agree"
     },
     "7": {
      "Display": "Strongly agree"
     }
    },
    "AnswerOrder": [
     "1",
     "2",
     "3",
     "4",
     "5",
     "6",
     "7"
    ],
    "NextChoiceId": 5,
    "NextAnswerId": 8
   }
  }
 ]
}