{
 "SurveyEntry": {
  "SurveyID": "SV_filedrawer00000",
  "SurveyName": "Perception gap video vs control across party and baseline polarization (extension of: Testing 33 Stu",
  "SurveyDescription": null,
  "SurveyOwnerID": "UR_filedrawer00000",
  "SurveyBrandID": "",
  "DivisionID": null,
  "SurveyLanguage": "EN",
  "SurveyActiveResponseSet": "RS_filedrawer00000",
  "SurveyStatus": "Inactive",
  "SurveyStartDate": "0000-00-00 00:00:00",
  "SurveyExpirationDate": "0000-00-00 00:00:00",
  "SurveyCreationDate": "2026-10-03 12:18:38",
  "CreatorID": "UR_filedrawer00000",
  "LastModified": "2026-10-03 12:18:38",
  "LastAccessed": "0000-00-00 00:00:00",
  "LastActivated": "0000-00-00 00:00:00",
  "Deleted": null
 },
 "SurveyElements": [
  {
   "SurveyID": "SV_filedrawer00000",
   "Element": "BL",
   "PrimaryAttribute": "Survey Blocks",
   "SecondaryAttribute": null,
   "TertiaryAttribute": null,
   "Payload": [
    {
     "Type": "Default",
     "Description": "Consent",
     "ID": "BL_b_consent",
     "BlockElements": [
      {
       "Type": "Question",
       "QuestionID": "QID1"
      }
     ]
    },
    {
     "Type": "Standard",
     "Description": "Pre-treatment",
     "ID": "BL_b_pre",
     "BlockElements": [
      {
       "Type": "Question",
       "QuestionID": "QID2"
      },
      {
       "Type": "Page Break"
      },
      {
       "Type": "Question",
       "QuestionID": "QID3"
      },
      {
       "Type": "Page Break"
      },
      {
       "Type": "Question",
       "QuestionID": "QID4"
      }
     ]
    },
    {
     "Type": "Standard",
     "Description": "Video",
     "ID": "BL_b_video",
     "BlockElements": [
      {
       "Type": "Question",
       "QuestionID": "QID5"
      }
     ]
    },
    {
     "Type": "Standard",
     "Description": "Control",
     "ID": "BL_b_control",
     "BlockElements": [
      {
       "Type": "Question",
       "QuestionID": "QID6"
      }
     ]
    },
    {
     "Type": "Standard",
     "Description": "Outcome",
     "ID": "BL_b_post",
     "BlockElements": [
      {
       "Type": "Question",
       "QuestionID": "QID7"
      },
      {
       "Type": "Page Break"
      },
      {
       "Type": "Question",
       "QuestionID": "QID8"
      }
     ]
    },
    {
     "Type": "Standard",
     "Description": "End",
     "ID": "BL_b_end",
     "BlockElements": [
      {
       "Type": "Question",
       "QuestionID": "QID9"
      }
     ]
    },
    {
     "Type": "Trash",
     "Description": "Trash / Unused Questions",
     "ID": "BL_trash"
    }
   ]
  },
  {
   "SurveyID": "SV_filedrawer00000",
   "Element": "FL",
   "PrimaryAttribute": "Survey Flow",
   "SecondaryAttribute": null,
   "TertiaryAttribute": null,
   "Payload": {
    "Type": "Root",
    "FlowID": "FL_1",
    "Flow": [
     {
      "Type": "Block",
      "ID": "BL_b_consent",
      "FlowID": "FL_2",
      "Autofill": []
     },
     {
      "Type": "Branch",
      "FlowID": "FL_3",
      "Description": "No consent",
      "BranchLogic": {
       "0": {
        "0": {
         "LogicType": "Question",
         "QuestionID": "QID1",
         "QuestionIsInLoop": "no",
         "ChoiceLocator": "q://QID1/SelectableChoice/2",
         "Operator": "Selected",
         "QuestionIDFromLocator": "QID1",
         "LeftOperand": "q://QID1/SelectableChoice/2",
         "Type": "Expression",
         "Description": "If QID1 choice 2 is selected"
        },
        "Type": "If"
       },
       "Type": "BooleanExpression"
      },
      "Flow": [
       {
        "Type": "Standard",
        "ID": "BL_b_end",
        "FlowID": "FL_4",
        "Autofill": []
       },
       {
        "Type": "EndSurvey",
        "FlowID": "FL_5"
       }
      ]
     },
     {
      "Type": "Standard",
      "ID": "BL_b_pre",
      "FlowID": "FL_6",
      "Autofill": []
     },
     {
      "Type": "BlockRandomizer",
      "FlowID": "FL_7",
      "SubSet": 1,
      "EvenPresentation": true,
      "Flow": [
       {
        "Type": "Group",
        "FlowID": "FL_8",
        "Description": "Video arm",
        "Flow": [
         {
          "Type": "EmbeddedData",
          "FlowID": "FL_9",
          "EmbeddedData": [
           {
            "Description": "condition",
            "Type": "Custom",
            "Field": "condition",
            "VariableType": "String",
            "DataVisibility": [],
            "AnalyzeText": false,
            "Value": "video"
           }
          ]
         },
         {
          "Type": "EmbeddedData",
          "FlowID": "FL_10",
          "EmbeddedData": [
           {
            "Description": "video1",
            "Type": "Custom",
            "Field": "video1",
            "VariableType": "String",
            "DataVisibility": [],
            "AnalyzeText": false,
            "Value": "[VIDEO TO SUPPLY: Perception gap video showing misperceptions of the other party, about 5 minutes]"
           }
          ]
         },
         {
          "Type": "Standard",
          "ID": "BL_b_video",
          "FlowID": "FL_11",
          "Autofill": []
         }
        ]
       },
       {
        "Type": "Group",
        "FlowID": "FL_12",
        "Description": "Control arm",
        "Flow": [
         {
          "Type": "EmbeddedData",
          "FlowID": "FL_13",
          "EmbeddedData": [
           {
            "Description": "condition",
            "Type": "Custom",
            "Field": "condition",
            "VariableType": "String",
            "DataVisibility": [],
            "AnalyzeText": false,
            "Value": "control"
           }
          ]
         },
         {
          "Type": "Standard",
          "ID": "BL_b_control",
          "FlowID": "FL_14",
          "Autofill": []
         }
        ]
       }
      ]
     },
     {
      "Type": "Standard",
      "ID": "BL_b_post",
      "FlowID": "FL_15",
      "Autofill": []
     }
    ],
    "Properties": {
     "Count": 15,
     "RemovedFieldsets": []
    }
   }
  },
  {
   "SurveyID": "SV_filedrawer00000",
   "Element": "PL",
   "PrimaryAttribute": "Preview Link",
   "SecondaryAttribute": null,
   "TertiaryAttribute": null,
   "Payload": {
    "PreviewType": "Brand",
    "PreviewID": "05c30093-c3bc-466c-a63d-ca9990c1f458"
   }
  },
  {
   "SurveyID": "SV_filedrawer00000",
   "Element": "PROJ",
   "PrimaryAttribute": "CORE",
   "SecondaryAttribute": null,
   "TertiaryAttribute": "1.1.0",
   "Payload": {
    "ProjectCategory": "CORE",
    "SchemaVersion": "1.1.0"
   }
  },
  {
   "SurveyID": "SV_filedrawer00000",
   "Element": "QC",
   "PrimaryAttribute": "Survey Question Count",
   "SecondaryAttribute": "9",
   "TertiaryAttribute": null,
   "Payload": null
  },
  {
   "SurveyID": "SV_filedrawer00000",
   "Element": "RS",
   "PrimaryAttribute": "RS_filedrawer00000",
   "SecondaryAttribute": "Default Response Set",
   "TertiaryAttribute": null,
   "Payload": null
  },
  {
   "SurveyID": "SV_filedrawer00000",
   "Element": "SCO",
   "PrimaryAttribute": "Scoring",
   "SecondaryAttribute": null,
   "TertiaryAttribute": null,
   "Payload": {
    "ScoringCategories": [],
    "ScoringCategoryGroups": [],
    "ScoringSummaryCategory": null,
    "ScoringSummaryAfterQuestions": 0,
    "ScoringSummaryAfterSurvey": 0,
    "DefaultScoringCategory": null,
    "AutoScoringCategory": null
   }
  },
  {
   "SurveyID": "SV_filedrawer00000",
   "Element": "SO",
   "PrimaryAttribute": "Survey Options",
   "SecondaryAttribute": null,
   "TertiaryAttribute": null,
   "Payload": {
    "BackButton": "false",
    "SaveAndContinue": "true",
    "SurveyProtection": "PublicSurvey",
    "BallotBoxStuffingPrevention": "false",
    "NoIndex": "Yes",
    "SecureResponseFiles": "true",
    "SurveyExpiration": "None",
    "SurveyTermination": "DefaultMessage",
    "Header": "",
    "Footer": "",
    "ProgressBarDisplay": "None",
    "PartialData": "+1 week",
    "ValidationMessage": null,
    "PreviousButton": "",
    "NextButton": "",
    "SurveyTitle": "Perception gap video vs control across party and baseline polarization (extension of: Testing 33 Stu",
    "SkinLibrary": "Qualtrics",
    "SkinType": "templated",
    "Skin": {
     "brandingId": null,
     "templateId": "*base",
     "overrides": null
    },
    "NewScoring": 1,
    "SurveyMetaDescription": "Participants consent, report party identification and a pre-treatment thermometer, are randomized..."
   }
  },
  {
   "SurveyID": "SV_filedrawer00000",
   "Element": "STAT",
   "PrimaryAttribute": "Survey Statistics",
   "SecondaryAttribute": null,
   "TertiaryAttribute": null,
   "Payload": {
    "MobileCompatible": true,
    "ID": "Survey Statistics"
   }
  },
  {
   "SurveyID": "SV_filedrawer00000",
   "Element": "SQ",
   "PrimaryAttribute": "QID1",
   "SecondaryAttribute": "You are invited to a research study on political attitudes. It takes about 10 mi",
   "TertiaryAttribute": null,
   "Payload": {
    "QuestionText": "You are invited to a research study on political attitudes. It takes about 10 minutes and is voluntary. You may stop at any time. Do you consent to participate?",
    "DataExportTag": "consent",
    "DataVisibility": {
     "Private": false,
     "Hidden": false
    },
    "Configuration": {
     "QuestionDescriptionOption": "UseText"
    },
    "QuestionDescription": "You are invited to a research study on political attitudes. It takes about 10 minutes and is volu...",
    "Validation": {
     "Settings": {
      "ForceResponse": "ON",
      "ForceResponseType": "ON",
      "Type": "None"
     }
    },
    "Language": [],
    "QuestionID": "QID1",
    "QuestionType": "MC",
    "Selector": "SAVR",
    "SubSelector": "TX",
    "Choices": {
     "1": {
      "Display": "I consent"
     },
     "2": {
      "Display": "I do not consent"
     }
    },
    "ChoiceOrder": [
     "1",
     "2"
    ],
    "NextChoiceId": 3,
    "NextAnswerId": 1,
    "RecodeValues": {
     "1": "1",
     "2": "0"
    }
   }
  },
  {
   "SurveyID": "SV_filedrawer00000",
   "Element": "SQ",
   "PrimaryAttribute": "QID2",
   "SecondaryAttribute": "Generally speaking, do you usually think of yourself as a Republican, a Democrat",
   "TertiaryAttribute": null,
   "Payload": {
    "QuestionText": "Generally speaking, do you usually think of yourself as a Republican, a Democrat, an Independent, or something else?",
    "DataExportTag": "pid3",
    "DataVisibility": {
     "Private": false,
     "Hidden": false
    },
    "Configuration": {
     "QuestionDescriptionOption": "UseText"
    },
    "QuestionDescription": "Generally speaking, do you usually think of yourself as a Republican, a Democrat, an Independent,...",
    "Validation": {
     "Settings": {
      "ForceResponse": "ON",
      "ForceResponseType": "ON",
      "Type": "None"
     }
    },
    "Language": [],
    "QuestionID": "QID2",
    "QuestionType": "MC",
    "Selector": "SAVR",
    "SubSelector": "TX",
    "Choices": {
     "1": {
      "Display": "Republican"
     },
     "2": {
      "Display": "Democrat"
     },
     "3": {
      "Display": "Independent"
     },
     "4": {
      "Display": "Something else"
     }
    },
    "ChoiceOrder": [
     "1",
     "2",
     "3",
     "4"
    ],
    "NextChoiceId": 5,
    "NextAnswerId": 1,
    "RecodeValues": {
     "1": "1",
     "2": "2",
     "3": "3",
     "4": "4"
    }
   }
  },
  {
   "SurveyID": "SV_filedrawer00000",
   "Element": "SQ",
   "PrimaryAttribute": "QID3",
   "SecondaryAttribute": "Do you think of yourself as closer to the Republican Party or to the Democratic ",
   "TertiaryAttribute": null,
   "Payload": {
    "QuestionText": "Do you think of yourself as closer to the Republican Party or to the Democratic Party?",
    "DataExportTag": "pidlean",
    "DataVisibility": {
     "Private": false,
     "Hidden": false
    },
    "Configuration": {
     "QuestionDescriptionOption": "UseText"
    },
    "QuestionDescription": "Do you think of yourself as closer to the Republican Party or to the Democratic Party?",
    "Validation": {
     "Settings": {
      "ForceResponse": "ON",
      "ForceResponseType": "ON",
      "Type": "None"
     }
    },
    "Language": [],
    "QuestionID": "QID3",
    "QuestionType": "MC",
    "Selector": "SAVR",
    "SubSelector": "TX",
    "Choices": {
     "1": {
      "Display": "Closer to the Republican Party"
     },
     "2": {
      "Display": "Closer to the Democratic Party"
     },
     "3": {
      "Display": "Neither"
     }
    },
    "ChoiceOrder": [
     "1",
     "2",
     "3"
    ],
    "NextChoiceId": 4,
    "NextAnswerId": 1,
    "RecodeValues": {
     "1": "1",
     "2": "2",
     "3": "3"
    }
   }
  },
  {
   "SurveyID": "SV_filedrawer00000",
   "Element": "SQ",
   "PrimaryAttribute": "QID4",
   "SecondaryAttribute": "Please rate each group on a feeling thermometer from 0 (cold) to 100 (warm); 50 ",
   "TertiaryAttribute": null,
   "Payload": {
    "QuestionText": "Please rate each group on a feeling thermometer from 0 (cold) to 100 (warm); 50 is neutral. Choose the point closest to your rating.",
    "DataExportTag": "pre_ap_scores",
    "DataVisibility": {
     "Private": false,
     "Hidden": false
    },
    "Configuration": {
     "QuestionDescriptionOption": "UseText",
     "TextPosition": "inline",
     "ChoiceColumnWidth": 25,
     "RepeatHeaders": "none",
     "WhiteSpace": "OFF",
     "MobileFirst": true
    },
    "QuestionDescription": "Please rate each group on a feeling thermometer from 0 (cold) to 100 (warm); 50 is neutral. Choos...",
    "Validation": {
     "Settings": {
      "ForceResponse": "ON",
      "ForceResponseType": "ON",
      "Type": "None"
     }
    },
    "Language": [],
    "QuestionID": "QID4",
    "QuestionType": "Matrix",
    "Selector": "Likert",
    "SubSelector": "SingleAnswer",
    "DefaultChoices": false,
    "GradingData": [],
    "ChoiceDataExportTags": false,
    "Choices": {
     "1": {
      "Display": "How would you rate Republicans?"
     },
     "2": {
      "Display": "How would you rate Democrats?"
     }
    },
    "ChoiceOrder": [
     "1",
     "2"
    ],
    "Answers": {
     "1": {
      "Display": "0-20 (very cold)"
     },
     "2": {
      "Display": "21-40"
     },
     "3": {
      "Display": "41-60"
     },
     "4": {
      "Display": "61-80"
     },
     "5": {
      "Display": "81-100 (very warm)"
     }
    },
    "AnswerOrder": [
     "1",
     "2",
     "3",
     "4",
     "5"
    ],
    "NextChoiceId": 3,
    "NextAnswerId": 6
   }
  },
  {
   "SurveyID": "SV_filedrawer00000",
   "Element": "SQ",
   "PrimaryAttribute": "QID5",
   "SecondaryAttribute": "{{ed:video1}}",
   "TertiaryAttribute": null,
   "Payload": {
    "QuestionText": "${e://Field/video1}",
    "DataVisibility": {
     "Private": false,
     "Hidden": false
    },
    "Configuration": {
     "QuestionDescriptionOption": "UseText"
    },
    "QuestionDescription": "${e://Field/video1}",
    "Validation": {
     "Settings": {
      "Type": "None"
     }
    },
    "Language": [],
    "QuestionID": "QID5",
    "QuestionType": "DB",
    "Selector": "TB",
    "DefaultChoices": false,
    "ChoiceOrder": [],
    "GradingData": [],
    "NextChoiceId": 1,
    "NextAnswerId": 1,
    "DataExportTag": "q_video"
   }
  },
  {
   "SurveyID": "SV_filedrawer00000",
   "Element": "SQ",
   "PrimaryAttribute": "QID6",
   "SecondaryAttribute": "Please continue.",
   "TertiaryAttribute": null,
   "Payload": {
    "QuestionText": "Please continue.",
    "DataVisibility": {
     "Private": false,
     "Hidden": false
    },
    "Configuration": {
     "QuestionDescriptionOption": "UseText"
    },
    "QuestionDescription": "Please continue.",
    "Validation": {
     "Settings": {
      "Type": "None"
     }
    },
    "Language": [],
    "QuestionID": "QID6",
    "QuestionType": "DB",
    "Selector": "TB",
    "DefaultChoices": false,
    "ChoiceOrder": [],
    "GradingData": [],
    "NextChoiceId": 1,
    "NextAnswerId": 1,
    "DataExportTag": "q_ctrl"
   }
  },
  {
   "SurveyID": "SV_filedrawer00000",
   "Element": "SQ",
   "PrimaryAttribute": "QID7",
   "SecondaryAttribute": "Please rate each group on a feeling thermometer from 0 (cold) to 100 (warm); 50 ",
   "TertiaryAttribute": null,
   "Payload": {
    "QuestionText": "Please rate each group on a feeling thermometer from 0 (cold) to 100 (warm); 50 is neutral. Choose the point closest to your rating.",
    "DataExportTag": "post_ap_scores",
    "DataVisibility": {
     "Private": false,
     "Hidden": false
    },
    "Configuration": {
     "QuestionDescriptionOption": "UseText",
     "TextPosition": "inline",
     "ChoiceColumnWidth": 25,
     "RepeatHeaders": "none",
     "WhiteSpace": "OFF",
     "MobileFirst": true
    },
    "QuestionDescription": "Please rate each group on a feeling thermometer from 0 (cold) to 100 (warm); 50 is neutral. Choos...",
    "Validation": {
     "Settings": {
      "ForceResponse": "ON",
      "ForceResponseType": "ON",
      "Type": "None"
     }
    },
    "Language": [],
    "QuestionID": "QID7",
    "QuestionType": "Matrix",
    "Selector": "Likert",
    "SubSelector": "SingleAnswer",
    "DefaultChoices": false,
    "GradingData": [],
    "ChoiceDataExportTags": false,
    "Choices": {
     "1": {
      "Display": "How would you rate Republicans?"
     },
     "2": {
      "Display": "How would you rate Democrats?"
     }
    },
    "ChoiceOrder": [
     "1",
     "2"
    ],
    "Answers": {
     "1": {
      "Display": "0-20 (very cold)"
     },
     "2": {
      "Display": "21-40"
     },
     "3": {
      "Display": "41-60"
     },
     "4": {
      "Display": "61-80"
     },
     "5": {
      "Display": "81-100 (very warm)"
     }
    },
    "AnswerOrder": [
     "1",
     "2",
     "3",
     "4",
     "5"
    ],
    "NextChoiceId": 3,
    "NextAnswerId": 6
   }
  },
  {
   "SurveyID": "SV_filedrawer00000",
   "Element": "SQ",
   "PrimaryAttribute": "QID8",
   "SecondaryAttribute": "Thank you. This study tested whether a short video about how Americans mispercei",
   "TertiaryAttribute": null,
   "Payload": {
    "QuestionText": "Thank you. This study tested whether a short video about how Americans misperceive the other party changes attitudes. Please contact the research team with any questions.",
    "DataVisibility": {
     "Private": false,
     "Hidden": false
    },
    "Configuration": {
     "QuestionDescriptionOption": "UseText"
    },
    "QuestionDescription": "Thank you. This study tested whether a short video about how Americans misperceive the other part...",
    "Validation": {
     "Settings": {
      "Type": "None"
     }
    },
    "Language": [],
    "QuestionID": "QID8",
    "QuestionType": "DB",
    "Selector": "TB",
    "DefaultChoices": false,
    "ChoiceOrder": [],
    "GradingData": [],
    "NextChoiceId": 1,
    "NextAnswerId": 1,
    "DataExportTag": "q_debrief"
   }
  },
  {
   "SurveyID": "SV_filedrawer00000",
   "Element": "SQ",
   "PrimaryAttribute": "QID9",
   "SecondaryAttribute": "Thank you. You did not consent, so the survey ends here.",
   "TertiaryAttribute": null,
   "Payload": {
    "QuestionText": "Thank you. You did not consent, so the survey ends here.",
    "DataVisibility": {
     "Private": false,
     "Hidden": false
    },
    "Configuration": {
     "QuestionDescriptionOption": "UseText"
    },
    "QuestionDescription": "Thank you. You did not consent, so the survey ends here.",
    "Validation": {
     "Settings": {
      "Type": "None"
     }
    },
    "Language": [],
    "QuestionID": "QID9",
    "QuestionType": "DB",
    "Selector": "TB",
    "DefaultChoices": false,
    "ChoiceOrder": [],
    "GradingData": [],
    "NextChoiceId": 1,
    "NextAnswerId": 1,
    "DataExportTag": "q_end"
   }
  }
 ]
}