{
 "SurveyEntry": {
  "SurveyID": "SV_filedrawer00000",
  "SurveyName": "Affect-to-democratic-attitude transfer test (extension of: Testing 33 Student-Designed Interventions",
  "SurveyDescription": null,
  "SurveyOwnerID": "UR_filedrawer00000",
  "SurveyBrandID": "",
  "DivisionID": null,
  "SurveyLanguage": "EN",
  "SurveyActiveResponseSet": "RS_filedrawer00000",
  "SurveyStatus": "Inactive",
  "SurveyStartDate": "0000-00-00 00:00:00",
  "SurveyExpirationDate": "0000-00-00 00:00:00",
  "SurveyCreationDate": "2026-10-08 16:06:23",
  "CreatorID": "UR_filedrawer00000",
  "LastModified": "2026-10-08 16:06:23",
  "LastAccessed": "0000-00-00 00:00:00",
  "LastActivated": "0000-00-00 00:00:00",
  "Deleted": null
 },
 "SurveyElements": [
  {
   "SurveyID": "SV_filedrawer00000",
   "Element": "BL",
   "PrimaryAttribute": "Survey Blocks",
   "SecondaryAttribute": null,
   "TertiaryAttribute": null,
   "Payload": [
    {
     "Type": "Default",
     "Description": "Consent",
     "ID": "BL_b_consent",
     "BlockElements": [
      {
       "Type": "Question",
       "QuestionID": "QID1"
      }
     ]
    },
    {
     "Type": "Standard",
     "Description": "Pre-treatment",
     "ID": "BL_b_pre",
     "BlockElements": [
      {
       "Type": "Question",
       "QuestionID": "QID2"
      },
      {
       "Type": "Page Break"
      },
      {
       "Type": "Question",
       "QuestionID": "QID3"
      }
     ]
    },
    {
     "Type": "Standard",
     "Description": "Control",
     "ID": "BL_b_ctrl",
     "BlockElements": [
      {
       "Type": "Question",
       "QuestionID": "QID4"
      }
     ]
    },
    {
     "Type": "Standard",
     "Description": "Patriotic article",
     "ID": "BL_b_pat",
     "BlockElements": [
      {
       "Type": "Question",
       "QuestionID": "QID5"
      },
      {
       "Type": "Page Break"
      },
      {
       "Type": "Question",
       "QuestionID": "QID6"
      }
     ]
    },
    {
     "Type": "Standard",
     "Description": "Perception gap video plus recall",
     "ID": "BL_b_pg",
     "BlockElements": [
      {
       "Type": "Question",
       "QuestionID": "QID7"
      },
      {
       "Type": "Page Break"
      },
      {
       "Type": "Question",
       "QuestionID": "QID8"
      },
      {
       "Type": "Page Break"
      },
      {
       "Type": "Question",
       "QuestionID": "QID9"
      }
     ]
    },
    {
     "Type": "Standard",
     "Description": "Outcomes",
     "ID": "BL_b_post",
     "BlockElements": [
      {
       "Type": "Question",
       "QuestionID": "QID10"
      },
      {
       "Type": "Page Break"
      },
      {
       "Type": "Question",
       "QuestionID": "QID11"
      },
      {
       "Type": "Page Break"
      },
      {
       "Type": "Question",
       "QuestionID": "QID12"
      }
     ]
    },
    {
     "Type": "Standard",
     "Description": "Debrief",
     "ID": "BL_b_debrief",
     "BlockElements": [
      {
       "Type": "Question",
       "QuestionID": "QID13"
      }
     ]
    },
    {
     "Type": "Trash",
     "Description": "Trash / Unused Questions",
     "ID": "BL_trash"
    }
   ]
  },
  {
   "SurveyID": "SV_filedrawer00000",
   "Element": "FL",
   "PrimaryAttribute": "Survey Flow",
   "SecondaryAttribute": null,
   "TertiaryAttribute": null,
   "Payload": {
    "Type": "Root",
    "FlowID": "FL_1",
    "Flow": [
     {
      "Type": "Block",
      "ID": "BL_b_consent",
      "FlowID": "FL_2",
      "Autofill": []
     },
     {
      "Type": "Branch",
      "FlowID": "FL_3",
      "Description": "No consent",
      "BranchLogic": {
       "0": {
        "0": {
         "LogicType": "Question",
         "QuestionID": "QID1",
         "QuestionIsInLoop": "no",
         "ChoiceLocator": "q://QID1/SelectableChoice/2",
         "Operator": "Selected",
         "QuestionIDFromLocator": "QID1",
         "LeftOperand": "q://QID1/SelectableChoice/2",
         "Type": "Expression",
         "Description": "If QID1 choice 2 is selected"
        },
        "Type": "If"
       },
       "Type": "BooleanExpression"
      },
      "Flow": [
       {
        "Type": "EndSurvey",
        "FlowID": "FL_4"
       }
      ]
     },
     {
      "Type": "Standard",
      "ID": "BL_b_pre",
      "FlowID": "FL_5",
      "Autofill": []
     },
     {
      "Type": "BlockRandomizer",
      "FlowID": "FL_6",
      "SubSet": 1,
      "EvenPresentation": true,
      "Flow": [
       {
        "Type": "Group",
        "FlowID": "FL_7",
        "Description": "Control",
        "Flow": [
         {
          "Type": "EmbeddedData",
          "FlowID": "FL_8",
          "EmbeddedData": [
           {
            "Description": "condition",
            "Type": "Custom",
            "Field": "condition",
            "VariableType": "String",
            "DataVisibility": [],
            "AnalyzeText": false,
            "Value": "control"
           }
          ]
         },
         {
          "Type": "Standard",
          "ID": "BL_b_ctrl",
          "FlowID": "FL_9",
          "Autofill": []
         }
        ]
       },
       {
        "Type": "Group",
        "FlowID": "FL_10",
        "Description": "Patriotic",
        "Flow": [
         {
          "Type": "EmbeddedData",
          "FlowID": "FL_11",
          "EmbeddedData": [
           {
            "Description": "condition",
            "Type": "Custom",
            "Field": "condition",
            "VariableType": "String",
            "DataVisibility": [],
            "AnalyzeText": false,
            "Value": "patriotic"
           }
          ]
         },
         {
          "Type": "Standard",
          "ID": "BL_b_pat",
          "FlowID": "FL_12",
          "Autofill": []
         }
        ]
       },
       {
        "Type": "Group",
        "FlowID": "FL_13",
        "Description": "Perception gap plus recall",
        "Flow": [
         {
          "Type": "EmbeddedData",
          "FlowID": "FL_14",
          "EmbeddedData": [
           {
            "Description": "condition",
            "Type": "Custom",
            "Field": "condition",
            "VariableType": "String",
            "DataVisibility": [],
            "AnalyzeText": false,
            "Value": "pgap"
           }
          ]
         },
         {
          "Type": "EmbeddedData",
          "FlowID": "FL_15",
          "EmbeddedData": [
           {
            "Description": "pgvideo",
            "Type": "Custom",
            "Field": "pgvideo",
            "VariableType": "String",
            "DataVisibility": [],
            "AnalyzeText": false,
            "Value": "[VIDEO TO SUPPLY: Perception gap video showing how each party overestimates the other's extremity, about 4 minutes]"
           }
          ]
         },
         {
          "Type": "Standard",
          "ID": "BL_b_pg",
          "FlowID": "FL_16",
          "Autofill": []
         }
        ]
       }
      ]
     },
     {
      "Type": "Standard",
      "ID": "BL_b_post",
      "FlowID": "FL_17",
      "Autofill": []
     },
     {
      "Type": "Standard",
      "ID": "BL_b_debrief",
      "FlowID": "FL_18",
      "Autofill": []
     }
    ],
    "Properties": {
     "Count": 18,
     "RemovedFieldsets": []
    }
   }
  },
  {
   "SurveyID": "SV_filedrawer00000",
   "Element": "PL",
   "PrimaryAttribute": "Preview Link",
   "SecondaryAttribute": null,
   "TertiaryAttribute": null,
   "Payload": {
    "PreviewType": "Brand",
    "PreviewID": "40ccd444-5759-43e9-a56d-821ab911293a"
   }
  },
  {
   "SurveyID": "SV_filedrawer00000",
   "Element": "PROJ",
   "PrimaryAttribute": "CORE",
   "SecondaryAttribute": null,
   "TertiaryAttribute": "1.1.0",
   "Payload": {
    "ProjectCategory": "CORE",
    "SchemaVersion": "1.1.0"
   }
  },
  {
   "SurveyID": "SV_filedrawer00000",
   "Element": "QC",
   "PrimaryAttribute": "Survey Question Count",
   "SecondaryAttribute": "13",
   "TertiaryAttribute": null,
   "Payload": null
  },
  {
   "SurveyID": "SV_filedrawer00000",
   "Element": "RS",
   "PrimaryAttribute": "RS_filedrawer00000",
   "SecondaryAttribute": "Default Response Set",
   "TertiaryAttribute": null,
   "Payload": null
  },
  {
   "SurveyID": "SV_filedrawer00000",
   "Element": "SCO",
   "PrimaryAttribute": "Scoring",
   "SecondaryAttribute": null,
   "TertiaryAttribute": null,
   "Payload": {
    "ScoringCategories": [],
    "ScoringCategoryGroups": [],
    "ScoringSummaryCategory": null,
    "ScoringSummaryAfterQuestions": 0,
    "ScoringSummaryAfterSurvey": 0,
    "DefaultScoringCategory": null,
    "AutoScoringCategory": null
   }
  },
  {
   "SurveyID": "SV_filedrawer00000",
   "Element": "SO",
   "PrimaryAttribute": "Survey Options",
   "SecondaryAttribute": null,
   "TertiaryAttribute": null,
   "Payload": {
    "BackButton": "false",
    "SaveAndContinue": "true",
    "SurveyProtection": "PublicSurvey",
    "BallotBoxStuffingPrevention": "false",
    "NoIndex": "Yes",
    "SecureResponseFiles": "true",
    "SurveyExpiration": "None",
    "SurveyTermination": "DefaultMessage",
    "Header": "",
    "Footer": "",
    "ProgressBarDisplay": "None",
    "PartialData": "+1 week",
    "ValidationMessage": null,
    "PreviousButton": "",
    "NextButton": "",
    "SurveyTitle": "Affect-to-democratic-attitude transfer test (extension of: Testing 33 Student-Designed Interventions",
    "SkinLibrary": "Qualtrics",
    "SkinType": "templated",
    "Skin": {
     "brandingId": null,
     "templateId": "*base",
     "overrides": null
    },
    "NewScoring": 1,
    "SurveyMetaDescription": "US partisans are randomized to control, the Patriotic article, or the strengthened Perception gap..."
   }
  },
  {
   "SurveyID": "SV_filedrawer00000",
   "Element": "STAT",
   "PrimaryAttribute": "Survey Statistics",
   "SecondaryAttribute": null,
   "TertiaryAttribute": null,
   "Payload": {
    "MobileCompatible": true,
    "ID": "Survey Statistics"
   }
  },
  {
   "SurveyID": "SV_filedrawer00000",
   "Element": "SQ",
   "PrimaryAttribute": "QID1",
   "SecondaryAttribute": "You are invited to take part in a research survey on political attitudes. It tak",
   "TertiaryAttribute": null,
   "Payload": {
    "QuestionText": "You are invited to take part in a research survey on political attitudes. It takes about 10 minutes, is voluntary, and your answers are confidential. Do you consent to participate?",
    "DataExportTag": "consent",
    "DataVisibility": {
     "Private": false,
     "Hidden": false
    },
    "Configuration": {
     "QuestionDescriptionOption": "UseText"
    },
    "QuestionDescription": "You are invited to take part in a research survey on political attitudes. It takes about 10 minut...",
    "Validation": {
     "Settings": {
      "ForceResponse": "ON",
      "ForceResponseType": "ON",
      "Type": "None"
     }
    },
    "Language": [],
    "QuestionID": "QID1",
    "QuestionType": "MC",
    "Selector": "SAVR",
    "SubSelector": "TX",
    "Choices": {
     "1": {
      "Display": "I consent"
     },
     "2": {
      "Display": "I do not consent"
     }
    },
    "ChoiceOrder": [
     "1",
     "2"
    ],
    "NextChoiceId": 3,
    "NextAnswerId": 1,
    "RecodeValues": {
     "1": "1",
     "2": "0"
    }
   }
  },
  {
   "SurveyID": "SV_filedrawer00000",
   "Element": "SQ",
   "PrimaryAttribute": "QID2",
   "SecondaryAttribute": "Do you think of yourself as closer to the Republican Party or to the Democratic ",
   "TertiaryAttribute": null,
   "Payload": {
    "QuestionText": "Do you think of yourself as closer to the Republican Party or to the Democratic Party?",
    "DataExportTag": "pidlean",
    "DataVisibility": {
     "Private": false,
     "Hidden": false
    },
    "Configuration": {
     "QuestionDescriptionOption": "UseText"
    },
    "QuestionDescription": "Do you think of yourself as closer to the Republican Party or to the Democratic Party?",
    "Validation": {
     "Settings": {
      "ForceResponse": "ON",
      "ForceResponseType": "ON",
      "Type": "None"
     }
    },
    "Language": [],
    "QuestionID": "QID2",
    "QuestionType": "MC",
    "Selector": "SAVR",
    "SubSelector": "TX",
    "Choices": {
     "1": {
      "Display": "Closer to the Republican Party"
     },
     "2": {
      "Display": "Closer to the Democratic Party"
     },
     "3": {
      "Display": "Neither"
     }
    },
    "ChoiceOrder": [
     "1",
     "2",
     "3"
    ],
    "NextChoiceId": 4,
    "NextAnswerId": 1,
    "RecodeValues": {
     "1": "1",
     "2": "2",
     "3": "3"
    }
   }
  },
  {
   "SurveyID": "SV_filedrawer00000",
   "Element": "SQ",
   "PrimaryAttribute": "QID3",
   "SecondaryAttribute": "Please rate each group on the feeling thermometer, from 0 (cold) to 100 (warm). ",
   "TertiaryAttribute": null,
   "Payload": {
    "QuestionText": "Please rate each group on the feeling thermometer, from 0 (cold) to 100 (warm). Choose the closest point.",
    "DataExportTag": "pre_ap_scores",
    "DataVisibility": {
     "Private": false,
     "Hidden": false
    },
    "Configuration": {
     "QuestionDescriptionOption": "UseText",
     "TextPosition": "inline",
     "ChoiceColumnWidth": 25,
     "RepeatHeaders": "none",
     "WhiteSpace": "OFF",
     "MobileFirst": true
    },
    "QuestionDescription": "Please rate each group on the feeling thermometer, from 0 (cold) to 100 (warm). Choose the closes...",
    "Validation": {
     "Settings": {
      "ForceResponse": "ON",
      "ForceResponseType": "ON",
      "Type": "None"
     }
    },
    "Language": [],
    "QuestionID": "QID3",
    "QuestionType": "Matrix",
    "Selector": "Likert",
    "SubSelector": "SingleAnswer",
    "DefaultChoices": false,
    "GradingData": [],
    "ChoiceDataExportTags": false,
    "Choices": {
     "1": {
      "Display": "How would you rate Republicans?"
     },
     "2": {
      "Display": "How would you rate Democrats?"
     }
    },
    "ChoiceOrder": [
     "1",
     "2"
    ],
    "Answers": {
     "1": {
      "Display": "0-20 (very cold)"
     },
     "2": {
      "Display": "21-40"
     },
     "3": {
      "Display": "41-60"
     },
     "4": {
      "Display": "61-80"
     },
     "5": {
      "Display": "81-100 (very warm)"
     }
    },
    "AnswerOrder": [
     "1",
     "2",
     "3",
     "4",
     "5"
    ],
    "NextChoiceId": 3,
    "NextAnswerId": 6
   }
  },
  {
   "SurveyID": "SV_filedrawer00000",
   "Element": "SQ",
   "PrimaryAttribute": "QID4",
   "SecondaryAttribute": "Please continue.",
   "TertiaryAttribute": null,
   "Payload": {
    "QuestionText": "Please continue.",
    "DataVisibility": {
     "Private": false,
     "Hidden": false
    },
    "Configuration": {
     "QuestionDescriptionOption": "UseText"
    },
    "QuestionDescription": "Please continue.",
    "Validation": {
     "Settings": {
      "Type": "None"
     }
    },
    "Language": [],
    "QuestionID": "QID4",
    "QuestionType": "DB",
    "Selector": "TB",
    "DefaultChoices": false,
    "ChoiceOrder": [],
    "GradingData": [],
    "NextChoiceId": 1,
    "NextAnswerId": 1,
    "DataExportTag": "q_ctrl"
   }
  },
  {
   "SurveyID": "SV_filedrawer00000",
   "Element": "SQ",
   "PrimaryAttribute": "QID5",
   "SecondaryAttribute": "Please read the following article, 'What Makes America Great', about the ideals,",
   "TertiaryAttribute": null,
   "Payload": {
    "QuestionText": "Please read the following article, 'What Makes America Great', about the ideals, history and shared achievements that Americans of all parties take pride in.",
    "DataVisibility": {
     "Private": false,
     "Hidden": false
    },
    "Configuration": {
     "QuestionDescriptionOption": "UseText"
    },
    "QuestionDescription": "Please read the following article, 'What Makes America Great', about the ideals, history and shar...",
    "Validation": {
     "Settings": {
      "Type": "None"
     }
    },
    "Language": [],
    "QuestionID": "QID5",
    "QuestionType": "DB",
    "Selector": "TB",
    "DefaultChoices": false,
    "ChoiceOrder": [],
    "GradingData": [],
    "NextChoiceId": 1,
    "NextAnswerId": 1,
    "DataExportTag": "q_pat"
   }
  },
  {
   "SurveyID": "SV_filedrawer00000",
   "Element": "SQ",
   "PrimaryAttribute": "QID6",
   "SecondaryAttribute": "What did you just see, read, or watch?",
   "TertiaryAttribute": null,
   "Payload": {
    "QuestionText": "What did you just see, read, or watch?",
    "DataExportTag": "manip_check_pat",
    "DataVisibility": {
     "Private": false,
     "Hidden": false
    },
    "Configuration": {
     "QuestionDescriptionOption": "UseText"
    },
    "QuestionDescription": "What did you just see, read, or watch?",
    "Validation": {
     "Settings": {
      "ForceResponse": "ON",
      "ForceResponseType": "ON",
      "Type": "None"
     }
    },
    "Language": [],
    "QuestionID": "QID6",
    "QuestionType": "TE",
    "Selector": "SL",
    "NextChoiceId": 1,
    "NextAnswerId": 1,
    "SearchSource": {
     "AllowFreeResponse": "false"
    }
   }
  },
  {
   "SurveyID": "SV_filedrawer00000",
   "Element": "SQ",
   "PrimaryAttribute": "QID7",
   "SecondaryAttribute": "Please watch this video about how Americans misperceive the views of the other p",
   "TertiaryAttribute": null,
   "Payload": {
    "QuestionText": "Please watch this video about how Americans misperceive the views of the other party. ${e://Field/pgvideo}",
    "DataVisibility": {
     "Private": false,
     "Hidden": false
    },
    "Configuration": {
     "QuestionDescriptionOption": "UseText"
    },
    "QuestionDescription": "Please watch this video about how Americans misperceive the views of the other party. ${e://Field...",
    "Validation": {
     "Settings": {
      "Type": "None"
     }
    },
    "Language": [],
    "QuestionID": "QID7",
    "QuestionType": "DB",
    "Selector": "TB",
    "DefaultChoices": false,
    "ChoiceOrder": [],
    "GradingData": [],
    "NextChoiceId": 1,
    "NextAnswerId": 1,
    "DataExportTag": "q_pg_vid"
   }
  },
  {
   "SurveyID": "SV_filedrawer00000",
   "Element": "SQ",
   "PrimaryAttribute": "QID8",
   "SecondaryAttribute": "Think of a time you assumed something about people from the other party that tur",
   "TertiaryAttribute": null,
   "Payload": {
    "QuestionText": "Think of a time you assumed something about people from the other party that turned out to be wrong, or a person from the other party who was more reasonable than you expected. Describe it in a few sentences.",
    "DataExportTag": "pg_recall",
    "DataVisibility": {
     "Private": false,
     "Hidden": false
    },
    "Configuration": {
     "QuestionDescriptionOption": "UseText"
    },
    "QuestionDescription": "Think of a time you assumed something about people from the other party that turned out to be wro...",
    "Validation": {
     "Settings": {
      "ForceResponse": "ON",
      "ForceResponseType": "ON",
      "Type": "None"
     }
    },
    "Language": [],
    "QuestionID": "QID8",
    "QuestionType": "TE",
    "Selector": "SL",
    "NextChoiceId": 1,
    "NextAnswerId": 1,
    "SearchSource": {
     "AllowFreeResponse": "false"
    }
   }
  },
  {
   "SurveyID": "SV_filedrawer00000",
   "Element": "SQ",
   "PrimaryAttribute": "QID9",
   "SecondaryAttribute": "What did you just see, read, or watch?",
   "TertiaryAttribute": null,
   "Payload": {
    "QuestionText": "What did you just see, read, or watch?",
    "DataExportTag": "manip_check_pg",
    "DataVisibility": {
     "Private": false,
     "Hidden": false
    },
    "Configuration": {
     "QuestionDescriptionOption": "UseText"
    },
    "QuestionDescription": "What did you just see, read, or watch?",
    "Validation": {
     "Settings": {
      "ForceResponse": "ON",
      "ForceResponseType": "ON",
      "Type": "None"
     }
    },
    "Language": [],
    "QuestionID": "QID9",
    "QuestionType": "TE",
    "Selector": "SL",
    "NextChoiceId": 1,
    "NextAnswerId": 1,
    "SearchSource": {
     "AllowFreeResponse": "false"
    }
   }
  },
  {
   "SurveyID": "SV_filedrawer00000",
   "Element": "SQ",
   "PrimaryAttribute": "QID10",
   "SecondaryAttribute": "Please rate each group on the feeling thermometer, from 0 (cold) to 100 (warm). ",
   "TertiaryAttribute": null,
   "Payload": {
    "QuestionText": "Please rate each group on the feeling thermometer, from 0 (cold) to 100 (warm). Choose the closest point.",
    "DataExportTag": "post_ap_scores",
    "DataVisibility": {
     "Private": false,
     "Hidden": false
    },
    "Configuration": {
     "QuestionDescriptionOption": "UseText",
     "TextPosition": "inline",
     "ChoiceColumnWidth": 25,
     "RepeatHeaders": "none",
     "WhiteSpace": "OFF",
     "MobileFirst": true
    },
    "QuestionDescription": "Please rate each group on the feeling thermometer, from 0 (cold) to 100 (warm). Choose the closes...",
    "Validation": {
     "Settings": {
      "ForceResponse": "ON",
      "ForceResponseType": "ON",
      "Type": "None"
     }
    },
    "Language": [],
    "QuestionID": "QID10",
    "QuestionType": "Matrix",
    "Selector": "Likert",
    "SubSelector": "SingleAnswer",
    "DefaultChoices": false,
    "GradingData": [],
    "ChoiceDataExportTags": false,
    "Choices": {
     "1": {
      "Display": "How would you rate Republicans?"
     },
     "2": {
      "Display": "How would you rate Democrats?"
     }
    },
    "ChoiceOrder": [
     "1",
     "2"
    ],
    "Answers": {
     "1": {
      "Display": "0-20 (very cold)"
     },
     "2": {
      "Display": "21-40"
     },
     "3": {
      "Display": "41-60"
     },
     "4": {
      "Display": "61-80"
     },
     "5": {
      "Display": "81-100 (very warm)"
     }
    },
    "AnswerOrder": [
     "1",
     "2",
     "3",
     "4",
     "5"
    ],
    "NextChoiceId": 3,
    "NextAnswerId": 6
   }
  },
  {
   "SurveyID": "SV_filedrawer00000",
   "Element": "SQ",
   "PrimaryAttribute": "QID11",
   "SecondaryAttribute": "Please indicate your agreement and disagreement with the following statements.",
   "TertiaryAttribute": null,
   "Payload": {
    "QuestionText": "Please indicate your agreement and disagreement with the following statements.",
    "DataExportTag": "post_udp_scores",
    "DataVisibility": {
     "Private": false,
     "Hidden": false
    },
    "Configuration": {
     "QuestionDescriptionOption": "UseText",
     "TextPosition": "inline",
     "ChoiceColumnWidth": 25,
     "RepeatHeaders": "none",
     "WhiteSpace": "OFF",
     "MobileFirst": true
    },
    "QuestionDescription": "Please indicate your agreement and disagreement with the following statements.",
    "Validation": {
     "Settings": {
      "ForceResponse": "ON",
      "ForceResponseType": "ON",
      "Type": "None"
     }
    },
    "Language": [],
    "QuestionID": "QID11",
    "QuestionType": "Matrix",
    "Selector": "Likert",
    "SubSelector": "SingleAnswer",
    "DefaultChoices": false,
    "GradingData": [],
    "ChoiceDataExportTags": false,
    "Choices": {
     "1": {
      "Display": "My party should reduce the number of polling stations in areas that support the other party."
     },
     "2": {
      "Display": "Governors from my party should ignore unfavorable court rulings by judges appointed by the other party."
     },
     "3": {
      "Display": "Governors from my party should prosecute journalists who accuse my party's politicians of misconduct without revealing sources."
     },
     "4": {
      "Display": "Members of my party should not accept the results of elections if they lose."
     }
    },
    "ChoiceOrder": [
     "1",
     "2",
     "3",
     "4"
    ],
    "Answers": {
     "1": {
      "Display": "Strongly disagree"
     },
     "2": {
      "Display": "Disagree"
     },
     "3": {
      "Display": "Somewhat disagree"
     },
     "4": {
      "Display": "Neither agree nor disagree"
     },
     "5": {
      "Display": "Somewhat agree"
     },
     "6": {
      "Display": "Agree"
     },
     "7": {
      "Display": "Strongly agree"
     }
    },
    "AnswerOrder": [
     "1",
     "2",
     "3",
     "4",
     "5",
     "6",
     "7"
    ],
    "NextChoiceId": 5,
    "NextAnswerId": 8
   }
  },
  {
   "SurveyID": "SV_filedrawer00000",
   "Element": "SQ",
   "PrimaryAttribute": "QID12",
   "SecondaryAttribute": "One in ten participants will be randomly chosen to receive a $10 bonus. If you a",
   "TertiaryAttribute": null,
   "Payload": {
    "QuestionText": "One in ten participants will be randomly chosen to receive a $10 bonus. If you are chosen, how much would you donate to a nonprofit group that brings Democrats and Republicans together for dialogue?",
    "DataExportTag": "donate",
    "DataVisibility": {
     "Private": false,
     "Hidden": false
    },
    "Configuration": {
     "QuestionDescriptionOption": "UseText"
    },
    "QuestionDescription": "One in ten participants will be randomly chosen to receive a $10 bonus. If you are chosen, how mu...",
    "Validation": {
     "Settings": {
      "ForceResponse": "ON",
      "ForceResponseType": "ON",
      "Type": "None"
     }
    },
    "Language": [],
    "QuestionID": "QID12",
    "QuestionType": "MC",
    "Selector": "SAVR",
    "SubSelector": "TX",
    "Choices": {
     "1": {
      "Display": "$0"
     },
     "2": {
      "Display": "$2"
     },
     "3": {
      "Display": "$5"
     },
     "4": {
      "Display": "$8"
     },
     "5": {
      "Display": "$10"
     }
    },
    "ChoiceOrder": [
     "1",
     "2",
     "3",
     "4",
     "5"
    ],
    "NextChoiceId": 6,
    "NextAnswerId": 1,
    "RecodeValues": {
     "1": "0",
     "2": "2",
     "3": "5",
     "4": "8",
     "5": "10"
    }
   }
  },
  {
   "SurveyID": "SV_filedrawer00000",
   "Element": "SQ",
   "PrimaryAttribute": "QID13",
   "SecondaryAttribute": "Thank you. This study examined whether materials about the other party change at",
   "TertiaryAttribute": null,
   "Payload": {
    "QuestionText": "Thank you. This study examined whether materials about the other party change attitudes. The video and article were real examples intended to reduce hostility. No donation will be made on your behalf beyond what was described. Contact the research team with questions.",
    "DataVisibility": {
     "Private": false,
     "Hidden": false
    },
    "Configuration": {
     "QuestionDescriptionOption": "UseText"
    },
    "QuestionDescription": "Thank you. This study examined whether materials about the other party change attitudes. The vide...",
    "Validation": {
     "Settings": {
      "Type": "None"
     }
    },
    "Language": [],
    "QuestionID": "QID13",
    "QuestionType": "DB",
    "Selector": "TB",
    "DefaultChoices": false,
    "ChoiceOrder": [],
    "GradingData": [],
    "NextChoiceId": 1,
    "NextAnswerId": 1,
    "DataExportTag": "q_debrief"
   }
  }
 ]
}